
Microsoft Visual Studio Solution File, Format Version 12.00
# Visual Studio 15
VisualStudioVersion = 15.0.26730.16
MinimumVisualStudioVersion = 10.0.40219.1
Project("{FAE04EC0-301F-11D3-BF4B-00C04F79EFBC}") = "Elucidate", "Elucidate\Elucidate.csproj", "{C45A0899-34D4-4CB0-B5FF-9DFADBC5E70E}"
EndProject
Project("{930C7802-8A8C-48F9-8165-68863BCCD9DD}") = "Elucidate Windows Installer", "Elucidate Windows Installer\Elucidate Windows Installer.wixproj", "{EA76FDE5-C6AE-46B7-ADA4-F3DC9DCCC9FB}"
EndProject
Global
	GlobalSection(SolutionConfigurationPlatforms) = preSolution
		Debug|Any CPU = Debug|Any CPU
		Debug|x64 = Debug|x64
		Debug|x86 = Debug|x86
		Release|Any CPU = Release|Any CPU
		Release|x64 = Release|x64
		Release|x86 = Release|x86
	EndGlobalSection
	GlobalSection(ProjectConfigurationPlatforms) = postSolution
		{C45A0899-34D4-4CB0-B5FF-9DFADBC5E70E}.Debug|Any CPU.ActiveCfg = Debug|Any CPU
		{C45A0899-34D4-4CB0-B5FF-9DFADBC5E70E}.Debug|Any CPU.Build.0 = Debug|Any CPU
		{C45A0899-34D4-4CB0-B5FF-9DFADBC5E70E}.Debug|x64.ActiveCfg = Debug|Any CPU
		{C45A0899-34D4-4CB0-B5FF-9DFADBC5E70E}.Debug|x64.Build.0 = Debug|Any CPU
		{C45A0899-34D4-4CB0-B5FF-9DFADBC5E70E}.Debug|x86.ActiveCfg = Debug|x86
		{C45A0899-34D4-4CB0-B5FF-9DFADBC5E70E}.Debug|x86.Build.0 = Debug|x86
		{C45A0899-34D4-4CB0-B5FF-9DFADBC5E70E}.Release|Any CPU.ActiveCfg = Release|Any CPU
		{C45A0899-34D4-4CB0-B5FF-9DFADBC5E70E}.Release|Any CPU.Build.0 = Release|Any CPU
		{C45A0899-34D4-4CB0-B5FF-9DFADBC5E70E}.Release|x64.ActiveCfg = Release|x64
		{C45A0899-34D4-4CB0-B5FF-9DFADBC5E70E}.Release|x64.Build.0 = Release|x64
		{C45A0899-34D4-4CB0-B5FF-9DFADBC5E70E}.Release|x86.ActiveCfg = Release|x86
		{C45A0899-34D4-4CB0-B5FF-9DFADBC5E70E}.Release|x86.Build.0 = Release|x86
		{EA76FDE5-C6AE-46B7-ADA4-F3DC9DCCC9FB}.Debug|Any CPU.ActiveCfg = Debug|x64
		{EA76FDE5-C6AE-46B7-ADA4-F3DC9DCCC9FB}.Debug|x64.ActiveCfg = Debug|x64
		{EA76FDE5-C6AE-46B7-ADA4-F3DC9DCCC9FB}.Debug|x86.ActiveCfg = Debug|x64
		{EA76FDE5-C6AE-46B7-ADA4-F3DC9DCCC9FB}.Release|Any CPU.ActiveCfg = Release|x64
		{EA76FDE5-C6AE-46B7-ADA4-F3DC9DCCC9FB}.Release|x64.ActiveCfg = Release|x64
		{EA76FDE5-C6AE-46B7-ADA4-F3DC9DCCC9FB}.Release|x64.Build.0 = Release|x64
		{EA76FDE5-C6AE-46B7-ADA4-F3DC9DCCC9FB}.Release|x86.ActiveCfg = Release|x64
	EndGlobalSection
	GlobalSection(SolutionProperties) = preSolution
		HideSolutionNode = FALSE
	EndGlobalSection
	GlobalSection(ExtensibilityGlobals) = postSolution
		SolutionGuid = {39E6A612-AC12-4D63-BE2A-60EA16940A8A}
		BuildVersion_StartDate = 2000/1/1
		BuildVersion_UseGlobalSettings = False
	EndGlobalSection
EndGlobal
