
Microsoft Visual Studio Solution File, Format Version 12.00
# Visual Studio 15
VisualStudioVersion = 15.0.26730.16
MinimumVisualStudioVersion = 10.0.40219.1
Project("{FAE04EC0-301F-11D3-BF4B-00C04F79EFBC}") = "Elucidate", "Elucidate\Elucidate.csproj", "{C45A0899-34D4-4CB0-B5FF-9DFADBC5E70E}"
EndProject
Project("{930C7802-8A8C-48F9-8165-68863BCCD9DD}") = "Elucidate Windows Installer", "Elucidate Windows Installer\Elucidate Windows Installer.wixproj", "{EA76FDE5-C6AE-46B7-ADA4-F3DC9DCCC9FB}"
EndProject
Project("{2150E333-8FDC-42A3-9474-1A3956D46DE8}") = "ToggleSwitch", "ToggleSwitch", "{04486FAE-E7AE-44FD-B3B5-10BA42A57E02}"
	ProjectSection(SolutionItems) = preProject
		ToggleSwitch\CodeProject.website = ToggleSwitch\CodeProject.website
		ToggleSwitch\JCS.ToggleSwitch.dll = ToggleSwitch\JCS.ToggleSwitch.dll
		ToggleSwitch\JCS.ToggleSwitch.pdb = ToggleSwitch\JCS.ToggleSwitch.pdb
	EndProjectSection
EndProject
Project("{2150E333-8FDC-42A3-9474-1A3956D46DE8}") = "Solution Items", "Solution Items", "{4387A76F-EC87-446D-A4A7-E7D96F8DD9A3}"
	ProjectSection(SolutionItems) = preProject
		..\README.md = ..\README.md
	EndProjectSection
EndProject
Project("{2150E333-8FDC-42A3-9474-1A3956D46DE8}") = "Docs", "Docs", "{4CD46F4E-0D02-48A2-81D2-0CC3CC529C04}"
	ProjectSection(SolutionItems) = preProject
		..\docs\Documentation.md = ..\docs\Documentation.md
		..\docs\Settings.md = ..\docs\Settings.md
	EndProjectSection
EndProject
Project("{2150E333-8FDC-42A3-9474-1A3956D46DE8}") = "Images", "Images", "{95AFED29-C452-4F6F-9FB1-6E6E072EA4F4}"
	ProjectSection(SolutionItems) = preProject
		..\Images\Documentation_Layout With Scheduling.png = ..\Images\Documentation_Layout With Scheduling.png
		..\Images\Documentation_Real Time Log.png = ..\Images\Documentation_Real Time Log.png
		..\Images\Documentation_Speed of 1.7 x64.png = ..\Images\Documentation_Speed of 1.7 x64.png
		..\Images\Home_CoverageTab_2.png = ..\Images\Home_CoverageTab_2.png
		..\Images\Home_Layout With Scheduling.png = ..\Images\Home_Layout With Scheduling.png
		..\Images\Pictures_CoverageTab_2.png = ..\Images\Pictures_CoverageTab_2.png
		..\Images\Pictures_CoverageTab_thumb.png = ..\Images\Pictures_CoverageTab_thumb.png
		..\Images\Pictures_Fragmentation.png = ..\Images\Pictures_Fragmentation.png
		..\Images\Pictures_Mono Version.png = ..\Images\Pictures_Mono Version.png
		..\Images\Pictures_Space In Path.png = ..\Images\Pictures_Space In Path.png
		..\Images\Pictures_Speed of 1.7 x64.png = ..\Images\Pictures_Speed of 1.7 x64.png
		..\Images\schedule_view.png = ..\Images\schedule_view.png
		..\Images\Settings_ErrorProviders.png = ..\Images\Settings_ErrorProviders.png
		..\Images\Settings_ExcludedPatterns.png = ..\Images\Settings_ExcludedPatterns.png
		..\Images\Settings_ParityFileLocs.png = ..\Images\Settings_ParityFileLocs.png
		..\Images\Settings_ResetToLast.png = ..\Images\Settings_ResetToLast.png
		..\Images\Settings_SaveSettings.png = ..\Images\Settings_SaveSettings.png
		..\Images\Settings_Settings Title.png = ..\Images\Settings_Settings Title.png
		..\Images\Settings_Settings.png = ..\Images\Settings_Settings.png
		..\Images\Settings_Snap Sources.png = ..\Images\Settings_Snap Sources.png
		..\Images\Settings_SnapRaid Config.png = ..\Images\Settings_SnapRaid Config.png
		..\Images\Settings_SnapRaid Exe.png = ..\Images\Settings_SnapRaid Exe.png
		..\Images\Settings_Sources.png = ..\Images\Settings_Sources.png
		..\Images\Settings_UseVerbose.png = ..\Images\Settings_UseVerbose.png
		..\Images\starting_view.png = ..\Images\starting_view.png
	EndProjectSection
EndProject
Global
	GlobalSection(SolutionConfigurationPlatforms) = preSolution
		Debug|Any CPU = Debug|Any CPU
		Debug|x64 = Debug|x64
		Debug|x86 = Debug|x86
		Release|Any CPU = Release|Any CPU
		Release|x64 = Release|x64
		Release|x86 = Release|x86
	EndGlobalSection
	GlobalSection(ProjectConfigurationPlatforms) = postSolution
		{C45A0899-34D4-4CB0-B5FF-9DFADBC5E70E}.Debug|Any CPU.ActiveCfg = Debug|Any CPU
		{C45A0899-34D4-4CB0-B5FF-9DFADBC5E70E}.Debug|Any CPU.Build.0 = Debug|Any CPU
		{C45A0899-34D4-4CB0-B5FF-9DFADBC5E70E}.Debug|x64.ActiveCfg = Debug|x64
		{C45A0899-34D4-4CB0-B5FF-9DFADBC5E70E}.Debug|x64.Build.0 = Debug|x64
		{C45A0899-34D4-4CB0-B5FF-9DFADBC5E70E}.Debug|x86.ActiveCfg = Debug|x86
		{C45A0899-34D4-4CB0-B5FF-9DFADBC5E70E}.Debug|x86.Build.0 = Debug|x86
		{C45A0899-34D4-4CB0-B5FF-9DFADBC5E70E}.Release|Any CPU.ActiveCfg = Release|Any CPU
		{C45A0899-34D4-4CB0-B5FF-9DFADBC5E70E}.Release|Any CPU.Build.0 = Release|Any CPU
		{C45A0899-34D4-4CB0-B5FF-9DFADBC5E70E}.Release|x64.ActiveCfg = Release|x64
		{C45A0899-34D4-4CB0-B5FF-9DFADBC5E70E}.Release|x64.Build.0 = Release|x64
		{C45A0899-34D4-4CB0-B5FF-9DFADBC5E70E}.Release|x86.ActiveCfg = Release|x86
		{C45A0899-34D4-4CB0-B5FF-9DFADBC5E70E}.Release|x86.Build.0 = Release|x86
		{EA76FDE5-C6AE-46B7-ADA4-F3DC9DCCC9FB}.Debug|Any CPU.ActiveCfg = Debug|x64
		{EA76FDE5-C6AE-46B7-ADA4-F3DC9DCCC9FB}.Debug|x64.ActiveCfg = Debug|x64
		{EA76FDE5-C6AE-46B7-ADA4-F3DC9DCCC9FB}.Debug|x64.Build.0 = Debug|x64
		{EA76FDE5-C6AE-46B7-ADA4-F3DC9DCCC9FB}.Debug|x86.ActiveCfg = Debug|x64
		{EA76FDE5-C6AE-46B7-ADA4-F3DC9DCCC9FB}.Release|Any CPU.ActiveCfg = Release|x64
		{EA76FDE5-C6AE-46B7-ADA4-F3DC9DCCC9FB}.Release|Any CPU.Build.0 = Release|x64
		{EA76FDE5-C6AE-46B7-ADA4-F3DC9DCCC9FB}.Release|x64.ActiveCfg = Release|x64
		{EA76FDE5-C6AE-46B7-ADA4-F3DC9DCCC9FB}.Release|x64.Build.0 = Release|x64
		{EA76FDE5-C6AE-46B7-ADA4-F3DC9DCCC9FB}.Release|x86.ActiveCfg = Release|x64
	EndGlobalSection
	GlobalSection(SolutionProperties) = preSolution
		HideSolutionNode = FALSE
	EndGlobalSection
	GlobalSection(NestedProjects) = preSolution
		{4CD46F4E-0D02-48A2-81D2-0CC3CC529C04} = {4387A76F-EC87-446D-A4A7-E7D96F8DD9A3}
		{95AFED29-C452-4F6F-9FB1-6E6E072EA4F4} = {4387A76F-EC87-446D-A4A7-E7D96F8DD9A3}
	EndGlobalSection
	GlobalSection(ExtensibilityGlobals) = postSolution
		SolutionGuid = {39E6A612-AC12-4D63-BE2A-60EA16940A8A}
		BuildVersion_StartDate = 2000/1/1
		BuildVersion_UseGlobalSettings = False
	EndGlobalSection
EndGlobal
